{
  "name": "miniapp-money",
  "version": "1.0.0",
  "lockfileVersion": 1,
  "requires": true,
  "dependencies": {
    "@types/uni-app": {
      "version": "1.4.3",
      "resolved": "https://registry.npm.taobao.org/@types/uni-app/download/@types/uni-app-1.4.3.tgz",
      "integrity": "sha1-JRwBK9JAi2m/UB/g3I92rbOwV2w=",
      "dev": true,
      "requires": {
        "vue": "^2.6.8"
      }
    },
    "dayjs": {
      "version": "1.9.7",
      "resolved": "https://registry.npm.taobao.org/dayjs/download/dayjs-1.9.7.tgz?cache=0&sync_timestamp=1607178593731&other_urls=https%3A%2F%2Fregistry.npm.taobao.org%2Fdayjs%2Fdownload%2Fdayjs-1.9.7.tgz",
      "integrity": "sha1-SyYLsX3O7S1fKQON/uA8ZaZ4b8A="
    },
    "vue": {
      "version": "2.6.12",
      "resolved": "https://registry.npm.taobao.org/vue/download/vue-2.6.12.tgz?cache=0&sync_timestamp=1606946204934&other_urls=https%3A%2F%2Fregistry.npm.taobao.org%2Fvue%2Fdownload%2Fvue-2.6.12.tgz",
      "integrity": "sha1-9evU+mvShpQD4pqJau1JBEVskSM=",
      "dev": true
    }
  }
}
