# THIS IS AN AUTOGENERATED FILE. DO NOT EDIT THIS FILE DIRECTLY.
# yarn lockfile v1


"@types/lodash@^4.14.167":
  version "4.14.167"
  resolved "https://registry.npm.taobao.org/@types/lodash/download/@types/lodash-4.14.167.tgz#ce7d78553e3c886d4ea643c37ec7edc20f16765e"
  integrity sha1-zn14VT48iG1OpkPDfsftwg8Wdl4=

"@types/uni-app@^1.4.3":
  version "1.4.3"
  resolved "https://registry.npm.taobao.org/@types/uni-app/download/@types/uni-app-1.4.3.tgz?cache=0&sync_timestamp=1605059526893&other_urls=https%3A%2F%2Fregistry.npm.taobao.org%2F%40types%2Funi-app%2Fdownload%2F%40types%2Funi-app-1.4.3.tgz#251c012bd2408b69bf501fe0dc8f76adb3b0576c"
  integrity sha1-JRwBK9JAi2m/UB/g3I92rbOwV2w=
  dependencies:
    vue "^2.6.8"

dayjs@^1.9.7:
  version "1.10.1"
  resolved "https://registry.npm.taobao.org/dayjs/download/dayjs-1.10.1.tgz?cache=0&sync_timestamp=1609681061364&other_urls=https%3A%2F%2Fregistry.npm.taobao.org%2Fdayjs%2Fdownload%2Fdayjs-1.10.1.tgz#114f678624842035396667a24eb1436814bc16fd"
  integrity sha1-EU9nhiSEIDU5ZmeiTrFDaBS8Fv0=

lodash@^4.17.20:
  version "4.17.20"
  resolved "https://registry.npm.taobao.org/lodash/download/lodash-4.17.20.tgz#b44a9b6297bcb698f1c51a3545a2b3b368d59c52"
  integrity sha1-tEqbYpe8tpjxxRo1RaKzs2jVnFI=

vue@^2.6.8:
  version "2.6.12"
  resolved "https://registry.npm.taobao.org/vue/download/vue-2.6.12.tgz#f5ebd4fa6bd2869403e29a896aed4904456c9123"
  integrity sha1-9evU+mvShpQD4pqJau1JBEVskSM=
